
Microsoft Visual Studio Solution File, Format Version 12.00
# Visual Studio 15
VisualStudioVersion = 15.0.27428.2037
MinimumVisualStudioVersion = 10.0.40219.1
Project("{FAE04EC0-301F-11D3-BF4B-00C04F79EFBC}") = "WebForm", "WebForm\WebForm.csproj", "{AB652223-DDFF-4BF7-814A-E319BC967626}"
EndProject
Project("{FAE04EC0-301F-11D3-BF4B-00C04F79EFBC}") = "CommonModules", "..\CommonModules\CommonModules.csproj", "{42D67E19-D7FA-4E46-8B96-22E92AC0C9AB}"
EndProject
Project("{FAE04EC0-301F-11D3-BF4B-00C04F79EFBC}") = "Handlers", "Handlers\Handlers.csproj", "{8A03435C-9B35-4BC5-A32C-EDB7B9A5980F}"
EndProject
Project("{FAE04EC0-301F-11D3-BF4B-00C04F79EFBC}") = "RequestControl", "RequestControl\RequestControl.csproj", "{49CC776D-836E-4B9F-A352-47ED8B224BDA}"
EndProject
Project("{FAE04EC0-301F-11D3-BF4B-00C04F79EFBC}") = "State", "State\State.csproj", "{BDEC7D2F-ABB9-4CAF-A9F4-CB792470209F}"
EndProject
Project("{FAE04EC0-301F-11D3-BF4B-00C04F79EFBC}") = "Chase", "Chase\Chase.csproj", "{3277191E-E3A8-47CE-9109-358B42DA358C}"
EndProject
Project("{FAE04EC0-301F-11D3-BF4B-00C04F79EFBC}") = "Phoneword_Droid", "Phoneword_Droid\Phoneword_Droid.csproj", "{3BC0AC7E-3B3B-4D3F-9CC0-B2BDECC460A6}"
EndProject
Project("{9A19103F-16F7-4668-BE54-9A1E7A4F7556}") = "Test", "Test\Test.csproj", "{4B65EB1A-DEEA-467B-A095-A8C025CFFEE7}"
EndProject
Project("{FAE04EC0-301F-11D3-BF4B-00C04F79EFBC}") = "Caching", "Caching\Caching.csproj", "{0EA856CA-EA68-4CC6-84D4-379255209277}"
EndProject
Project("{FAE04EC0-301F-11D3-BF4B-00C04F79EFBC}") = "ErrorHandling", "ErrorHandling\ErrorHandling.csproj", "{0127B338-DEFE-468A-BF9C-0DAFCFC27952}"
EndProject
Project("{FAE04EC0-301F-11D3-BF4B-00C04F79EFBC}") = "PathsAndURLs", "PathsAnd URLs\PathsAndURLs.csproj", "{2DD346F5-8CEB-4FE9-9CA7-06AA86D37FB4}"
EndProject
Project("{FAE04EC0-301F-11D3-BF4B-00C04F79EFBC}") = "Routing", "Routing\Routing.csproj", "{77D01FFD-D02B-4222-93A5-9A089A8465D1}"
EndProject
Project("{FAE04EC0-301F-11D3-BF4B-00C04F79EFBC}") = "ManagingUsers", "ManagingUsers\ManagingUsers.csproj", "{FAB73ECD-46A1-4C58-9359-FCD917060715}"
EndProject
Project("{CC5FD16D-436D-48AD-A40C-5A424C6E3E79}") = "ManagingUsers.Azure", "ManagingUsers.Azure\ManagingUsers.Azure.ccproj", "{2ADA2D60-4EB2-41DB-9AC9-81570A5E3072}"
EndProject
Project("{FAE04EC0-301F-11D3-BF4B-00C04F79EFBC}") = "ConfigFiles", "ConfigFiles\ConfigFiles.csproj", "{5390494F-B9EB-4856-9377-18262D814BF9}"
EndProject
Project("{FAE04EC0-301F-11D3-BF4B-00C04F79EFBC}") = "AsyncApp", "AsyncApp\AsyncApp.csproj", "{7F9643B5-240E-4762-863F-830B709203AC}"
EndProject
Project("{FAE04EC0-301F-11D3-BF4B-00C04F79EFBC}") = "WorkingWithControls", "WorkingWithControls\WorkingWithControls.csproj", "{83D435E0-A7FE-48A0-AF9A-B6FA0E9FACF2}"
EndProject
Project("{FAE04EC0-301F-11D3-BF4B-00C04F79EFBC}") = "WorkingWithForms", "WorkingWithForms\WorkingWithForms.csproj", "{EAEA9302-DDC9-49F4-82A2-9922F4F95396}"
EndProject
Project("{FAE04EC0-301F-11D3-BF4B-00C04F79EFBC}") = "Controls", "Controls\Controls.csproj", "{D36D42A0-0382-4955-96F2-1FB8FE1C661A}"
EndProject
Project("{FAE04EC0-301F-11D3-BF4B-00C04F79EFBC}") = "ControlState", "ControlState\ControlState.csproj", "{C281BB2E-9C9A-423D-AB4A-62839F4317BA}"
EndProject
Project("{FAE04EC0-301F-11D3-BF4B-00C04F79EFBC}") = "ServerSiteHtml", "ServerSiteHtml\ServerSiteHtml.csproj", "{4140F1A8-2DA2-44B0-B771-36D099B828B6}"
EndProject
Project("{FAE04EC0-301F-11D3-BF4B-00C04F79EFBC}") = "Binding", "Binding\Binding.csproj", "{B7160E16-5558-4139-BDE7-3E0DF55DC70F}"
EndProject
Global
	GlobalSection(SolutionConfigurationPlatforms) = preSolution
		Debug|Any CPU = Debug|Any CPU
		Release|Any CPU = Release|Any CPU
	EndGlobalSection
	GlobalSection(ProjectConfigurationPlatforms) = postSolution
		{AB652223-DDFF-4BF7-814A-E319BC967626}.Debug|Any CPU.ActiveCfg = Debug|Any CPU
		{AB652223-DDFF-4BF7-814A-E319BC967626}.Debug|Any CPU.Build.0 = Debug|Any CPU
		{AB652223-DDFF-4BF7-814A-E319BC967626}.Release|Any CPU.ActiveCfg = Release|Any CPU
		{AB652223-DDFF-4BF7-814A-E319BC967626}.Release|Any CPU.Build.0 = Release|Any CPU
		{42D67E19-D7FA-4E46-8B96-22E92AC0C9AB}.Debug|Any CPU.ActiveCfg = Debug|Any CPU
		{42D67E19-D7FA-4E46-8B96-22E92AC0C9AB}.Debug|Any CPU.Build.0 = Debug|Any CPU
		{42D67E19-D7FA-4E46-8B96-22E92AC0C9AB}.Release|Any CPU.ActiveCfg = Release|Any CPU
		{42D67E19-D7FA-4E46-8B96-22E92AC0C9AB}.Release|Any CPU.Build.0 = Release|Any CPU
		{8A03435C-9B35-4BC5-A32C-EDB7B9A5980F}.Debug|Any CPU.ActiveCfg = Debug|Any CPU
		{8A03435C-9B35-4BC5-A32C-EDB7B9A5980F}.Debug|Any CPU.Build.0 = Debug|Any CPU
		{8A03435C-9B35-4BC5-A32C-EDB7B9A5980F}.Release|Any CPU.ActiveCfg = Release|Any CPU
		{8A03435C-9B35-4BC5-A32C-EDB7B9A5980F}.Release|Any CPU.Build.0 = Release|Any CPU
		{49CC776D-836E-4B9F-A352-47ED8B224BDA}.Debug|Any CPU.ActiveCfg = Debug|Any CPU
		{49CC776D-836E-4B9F-A352-47ED8B224BDA}.Debug|Any CPU.Build.0 = Debug|Any CPU
		{49CC776D-836E-4B9F-A352-47ED8B224BDA}.Release|Any CPU.ActiveCfg = Release|Any CPU
		{49CC776D-836E-4B9F-A352-47ED8B224BDA}.Release|Any CPU.Build.0 = Release|Any CPU
		{BDEC7D2F-ABB9-4CAF-A9F4-CB792470209F}.Debug|Any CPU.ActiveCfg = Debug|Any CPU
		{BDEC7D2F-ABB9-4CAF-A9F4-CB792470209F}.Debug|Any CPU.Build.0 = Debug|Any CPU
		{BDEC7D2F-ABB9-4CAF-A9F4-CB792470209F}.Release|Any CPU.ActiveCfg = Release|Any CPU
		{BDEC7D2F-ABB9-4CAF-A9F4-CB792470209F}.Release|Any CPU.Build.0 = Release|Any CPU
		{3277191E-E3A8-47CE-9109-358B42DA358C}.Debug|Any CPU.ActiveCfg = Debug|Any CPU
		{3277191E-E3A8-47CE-9109-358B42DA358C}.Debug|Any CPU.Build.0 = Debug|Any CPU
		{3277191E-E3A8-47CE-9109-358B42DA358C}.Release|Any CPU.ActiveCfg = Release|Any CPU
		{3277191E-E3A8-47CE-9109-358B42DA358C}.Release|Any CPU.Build.0 = Release|Any CPU
		{3BC0AC7E-3B3B-4D3F-9CC0-B2BDECC460A6}.Debug|Any CPU.ActiveCfg = Debug|Any CPU
		{3BC0AC7E-3B3B-4D3F-9CC0-B2BDECC460A6}.Debug|Any CPU.Build.0 = Debug|Any CPU
		{3BC0AC7E-3B3B-4D3F-9CC0-B2BDECC460A6}.Debug|Any CPU.Deploy.0 = Debug|Any CPU
		{3BC0AC7E-3B3B-4D3F-9CC0-B2BDECC460A6}.Release|Any CPU.ActiveCfg = Release|Any CPU
		{3BC0AC7E-3B3B-4D3F-9CC0-B2BDECC460A6}.Release|Any CPU.Build.0 = Release|Any CPU
		{3BC0AC7E-3B3B-4D3F-9CC0-B2BDECC460A6}.Release|Any CPU.Deploy.0 = Release|Any CPU
		{4B65EB1A-DEEA-467B-A095-A8C025CFFEE7}.Debug|Any CPU.ActiveCfg = Debug|Any CPU
		{4B65EB1A-DEEA-467B-A095-A8C025CFFEE7}.Debug|Any CPU.Build.0 = Debug|Any CPU
		{4B65EB1A-DEEA-467B-A095-A8C025CFFEE7}.Release|Any CPU.ActiveCfg = Release|Any CPU
		{4B65EB1A-DEEA-467B-A095-A8C025CFFEE7}.Release|Any CPU.Build.0 = Release|Any CPU
		{0EA856CA-EA68-4CC6-84D4-379255209277}.Debug|Any CPU.ActiveCfg = Debug|Any CPU
		{0EA856CA-EA68-4CC6-84D4-379255209277}.Debug|Any CPU.Build.0 = Debug|Any CPU
		{0EA856CA-EA68-4CC6-84D4-379255209277}.Release|Any CPU.ActiveCfg = Release|Any CPU
		{0EA856CA-EA68-4CC6-84D4-379255209277}.Release|Any CPU.Build.0 = Release|Any CPU
		{0127B338-DEFE-468A-BF9C-0DAFCFC27952}.Debug|Any CPU.ActiveCfg = Debug|Any CPU
		{0127B338-DEFE-468A-BF9C-0DAFCFC27952}.Debug|Any CPU.Build.0 = Debug|Any CPU
		{0127B338-DEFE-468A-BF9C-0DAFCFC27952}.Release|Any CPU.ActiveCfg = Release|Any CPU
		{0127B338-DEFE-468A-BF9C-0DAFCFC27952}.Release|Any CPU.Build.0 = Release|Any CPU
		{2DD346F5-8CEB-4FE9-9CA7-06AA86D37FB4}.Debug|Any CPU.ActiveCfg = Debug|Any CPU
		{2DD346F5-8CEB-4FE9-9CA7-06AA86D37FB4}.Debug|Any CPU.Build.0 = Debug|Any CPU
		{2DD346F5-8CEB-4FE9-9CA7-06AA86D37FB4}.Release|Any CPU.ActiveCfg = Release|Any CPU
		{2DD346F5-8CEB-4FE9-9CA7-06AA86D37FB4}.Release|Any CPU.Build.0 = Release|Any CPU
		{77D01FFD-D02B-4222-93A5-9A089A8465D1}.Debug|Any CPU.ActiveCfg = Debug|Any CPU
		{77D01FFD-D02B-4222-93A5-9A089A8465D1}.Debug|Any CPU.Build.0 = Debug|Any CPU
		{77D01FFD-D02B-4222-93A5-9A089A8465D1}.Release|Any CPU.ActiveCfg = Release|Any CPU
		{77D01FFD-D02B-4222-93A5-9A089A8465D1}.Release|Any CPU.Build.0 = Release|Any CPU
		{FAB73ECD-46A1-4C58-9359-FCD917060715}.Debug|Any CPU.ActiveCfg = Debug|Any CPU
		{FAB73ECD-46A1-4C58-9359-FCD917060715}.Debug|Any CPU.Build.0 = Debug|Any CPU
		{FAB73ECD-46A1-4C58-9359-FCD917060715}.Release|Any CPU.ActiveCfg = Release|Any CPU
		{FAB73ECD-46A1-4C58-9359-FCD917060715}.Release|Any CPU.Build.0 = Release|Any CPU
		{2ADA2D60-4EB2-41DB-9AC9-81570A5E3072}.Debug|Any CPU.ActiveCfg = Debug|Any CPU
		{2ADA2D60-4EB2-41DB-9AC9-81570A5E3072}.Debug|Any CPU.Build.0 = Debug|Any CPU
		{2ADA2D60-4EB2-41DB-9AC9-81570A5E3072}.Release|Any CPU.ActiveCfg = Release|Any CPU
		{2ADA2D60-4EB2-41DB-9AC9-81570A5E3072}.Release|Any CPU.Build.0 = Release|Any CPU
		{5390494F-B9EB-4856-9377-18262D814BF9}.Debug|Any CPU.ActiveCfg = Debug|Any CPU
		{5390494F-B9EB-4856-9377-18262D814BF9}.Debug|Any CPU.Build.0 = Debug|Any CPU
		{5390494F-B9EB-4856-9377-18262D814BF9}.Release|Any CPU.ActiveCfg = Release|Any CPU
		{5390494F-B9EB-4856-9377-18262D814BF9}.Release|Any CPU.Build.0 = Release|Any CPU
		{7F9643B5-240E-4762-863F-830B709203AC}.Debug|Any CPU.ActiveCfg = Debug|Any CPU
		{7F9643B5-240E-4762-863F-830B709203AC}.Debug|Any CPU.Build.0 = Debug|Any CPU
		{7F9643B5-240E-4762-863F-830B709203AC}.Release|Any CPU.ActiveCfg = Release|Any CPU
		{7F9643B5-240E-4762-863F-830B709203AC}.Release|Any CPU.Build.0 = Release|Any CPU
		{83D435E0-A7FE-48A0-AF9A-B6FA0E9FACF2}.Debug|Any CPU.ActiveCfg = Debug|Any CPU
		{83D435E0-A7FE-48A0-AF9A-B6FA0E9FACF2}.Debug|Any CPU.Build.0 = Debug|Any CPU
		{83D435E0-A7FE-48A0-AF9A-B6FA0E9FACF2}.Release|Any CPU.ActiveCfg = Release|Any CPU
		{83D435E0-A7FE-48A0-AF9A-B6FA0E9FACF2}.Release|Any CPU.Build.0 = Release|Any CPU
		{EAEA9302-DDC9-49F4-82A2-9922F4F95396}.Debug|Any CPU.ActiveCfg = Debug|Any CPU
		{EAEA9302-DDC9-49F4-82A2-9922F4F95396}.Debug|Any CPU.Build.0 = Debug|Any CPU
		{EAEA9302-DDC9-49F4-82A2-9922F4F95396}.Release|Any CPU.ActiveCfg = Release|Any CPU
		{EAEA9302-DDC9-49F4-82A2-9922F4F95396}.Release|Any CPU.Build.0 = Release|Any CPU
		{D36D42A0-0382-4955-96F2-1FB8FE1C661A}.Debug|Any CPU.ActiveCfg = Debug|Any CPU
		{D36D42A0-0382-4955-96F2-1FB8FE1C661A}.Debug|Any CPU.Build.0 = Debug|Any CPU
		{D36D42A0-0382-4955-96F2-1FB8FE1C661A}.Release|Any CPU.ActiveCfg = Release|Any CPU
		{D36D42A0-0382-4955-96F2-1FB8FE1C661A}.Release|Any CPU.Build.0 = Release|Any CPU
		{C281BB2E-9C9A-423D-AB4A-62839F4317BA}.Debug|Any CPU.ActiveCfg = Debug|Any CPU
		{C281BB2E-9C9A-423D-AB4A-62839F4317BA}.Debug|Any CPU.Build.0 = Debug|Any CPU
		{C281BB2E-9C9A-423D-AB4A-62839F4317BA}.Release|Any CPU.ActiveCfg = Release|Any CPU
		{C281BB2E-9C9A-423D-AB4A-62839F4317BA}.Release|Any CPU.Build.0 = Release|Any CPU
		{4140F1A8-2DA2-44B0-B771-36D099B828B6}.Debug|Any CPU.ActiveCfg = Debug|Any CPU
		{4140F1A8-2DA2-44B0-B771-36D099B828B6}.Debug|Any CPU.Build.0 = Debug|Any CPU
		{4140F1A8-2DA2-44B0-B771-36D099B828B6}.Release|Any CPU.ActiveCfg = Release|Any CPU
		{4140F1A8-2DA2-44B0-B771-36D099B828B6}.Release|Any CPU.Build.0 = Release|Any CPU
		{B7160E16-5558-4139-BDE7-3E0DF55DC70F}.Debug|Any CPU.ActiveCfg = Debug|Any CPU
		{B7160E16-5558-4139-BDE7-3E0DF55DC70F}.Debug|Any CPU.Build.0 = Debug|Any CPU
		{B7160E16-5558-4139-BDE7-3E0DF55DC70F}.Release|Any CPU.ActiveCfg = Release|Any CPU
		{B7160E16-5558-4139-BDE7-3E0DF55DC70F}.Release|Any CPU.Build.0 = Release|Any CPU
	EndGlobalSection
	GlobalSection(SolutionProperties) = preSolution
		HideSolutionNode = FALSE
	EndGlobalSection
	GlobalSection(ExtensibilityGlobals) = postSolution
		SolutionGuid = {54FE4E84-45E6-4016-812E-2C60AF3D9AF0}
	EndGlobalSection
EndGlobal
